
Microsoft Visual Studio Solution File, Format Version 12.00
# Visual Studio Version 17
VisualStudioVersion = 17.5.33530.505
MinimumVisualStudioVersion = 10.0.40219.1
Project("{FAE04EC0-301F-11D3-BF4B-00C04F79EFBC}") = "AdventOfCode", "AdventOfCode\AdventOfCode.csproj", "{D3302BAE-2DCD-4287-ACF7-1AFF4ADCF0E5}"
EndProject
Global
	GlobalSection(SolutionConfigurationPlatforms) = preSolution
		Debug|Any CPU = Debug|Any CPU
		Release|Any CPU = Release|Any CPU
	EndGlobalSection
	GlobalSection(ProjectConfigurationPlatforms) = postSolution
		{D3302BAE-2DCD-4287-ACF7-1AFF4ADCF0E5}.Debug|Any CPU.ActiveCfg = Debug|Any CPU
		{D3302BAE-2DCD-4287-ACF7-1AFF4ADCF0E5}.Debug|Any CPU.Build.0 = Debug|Any CPU
		{D3302BAE-2DCD-4287-ACF7-1AFF4ADCF0E5}.Release|Any CPU.ActiveCfg = Release|Any CPU
		{D3302BAE-2DCD-4287-ACF7-1AFF4ADCF0E5}.Release|Any CPU.Build.0 = Release|Any CPU
	EndGlobalSection
	GlobalSection(SolutionProperties) = preSolution
		HideSolutionNode = FALSE
	EndGlobalSection
	GlobalSection(ExtensibilityGlobals) = postSolution
		SolutionGuid = {3B1D270A-E25A-4D10-84BF-852620641A5A}
	EndGlobalSection
EndGlobal
